
Microsoft Visual Studio Solution File, Format Version 11.00
# Visual Studio 2010
Project("{FAE04EC0-301F-11D3-BF4B-00C04F79EFBC}") = "woonbot", "Assembly-CSharp.csproj", "{559CD554-3388-AF5B-5224-A1D6A45FA997}"
EndProject
Global
	GlobalSection(SolutionConfigurationPlatforms) = preSolution
		Debug|Any CPU = Debug|Any CPU
		Release|Any CPU = Release|Any CPU
	EndGlobalSection
	GlobalSection(ProjectConfigurationPlatforms) = postSolution
		{559CD554-3388-AF5B-5224-A1D6A45FA997}.Debug|Any CPU.ActiveCfg = Debug|Any CPU
		{559CD554-3388-AF5B-5224-A1D6A45FA997}.Debug|Any CPU.Build.0 = Debug|Any CPU
		{559CD554-3388-AF5B-5224-A1D6A45FA997}.Release|Any CPU.ActiveCfg = Release|Any CPU
		{559CD554-3388-AF5B-5224-A1D6A45FA997}.Release|Any CPU.Build.0 = Release|Any CPU
	EndGlobalSection
	GlobalSection(SolutionProperties) = preSolution
		HideSolutionNode = FALSE
	EndGlobalSection
	GlobalSection(MonoDevelopProperties) = preSolution
		StartupItem = Assembly-CSharp.csproj
	EndGlobalSection
EndGlobal
