
Microsoft Visual Studio Solution File, Format Version 12.00
# Visual Studio 2017
Project("{FAE04EC0-301F-11D3-BF4B-00C04F79EFBC}") = "woonbot", "woonbot.csproj", "{2A93DCEA-2A49-4717-81C7-2D1DDB570EFD}"
EndProject
Global
	GlobalSection(SolutionConfigurationPlatforms) = preSolution
		Debug|Any CPU = Debug|Any CPU
		Release|Any CPU = Release|Any CPU
	EndGlobalSection
	GlobalSection(ProjectConfigurationPlatforms) = postSolution
		{2A93DCEA-2A49-4717-81C7-2D1DDB570EFD}.Debug|Any CPU.ActiveCfg = Debug|Any CPU
		{2A93DCEA-2A49-4717-81C7-2D1DDB570EFD}.Debug|Any CPU.Build.0 = Debug|Any CPU
		{2A93DCEA-2A49-4717-81C7-2D1DDB570EFD}.Release|Any CPU.ActiveCfg = Release|Any CPU
		{2A93DCEA-2A49-4717-81C7-2D1DDB570EFD}.Release|Any CPU.Build.0 = Release|Any CPU
	EndGlobalSection
	GlobalSection(SolutionProperties) = preSolution
		HideSolutionNode = FALSE
	EndGlobalSection
EndGlobal
